// !$*UTF8*$!
{
	archiveVersion = 1;
	classes = {
	};
	objectVersion = 46;
	objects = {

/* Begin PBXBuildFile section */
		BFC3CA121A9EB17E00F27AEB /* main.m in Sources */ = {isa = PBXBuildFile; fileRef = BFC3CA111A9EB17E00F27AEB /* main.m */; };
		BFC3CA151A9EB17E00F27AEB /* AppDelegate.m in Sources */ = {isa = PBXBuildFile; fileRef = BFC3CA141A9EB17E00F27AEB /* AppDelegate.m */; };
		BFC3CA181A9EB17E00F27AEB /* MYLMyLunchTextInputViewController.m in Sources */ = {isa = PBXBuildFile; fileRef = BFC3CA171A9EB17E00F27AEB /* MYLMyLunchTextInputViewController.m */; };
		BFC3CA1D1A9EB17E00F27AEB /* Images.xcassets in Resources */ = {isa = PBXBuildFile; fileRef = BFC3CA1C1A9EB17E00F27AEB /* Images.xcassets */; };
		BFC3CA2C1A9EB17F00F27AEB /* MyLunchTests.m in Sources */ = {isa = PBXBuildFile; fileRef = BFC3CA2B1A9EB17F00F27AEB /* MyLunchTests.m */; };
/* End PBXBuildFile section */

/* Begin PBXContainerItemProxy section */
		BFC3CA261A9EB17F00F27AEB /* PBXContainerItemProxy */ = {
			isa = PBXContainerItemProxy;
			containerPortal = BFC3CA041A9EB17E00F27AEB /* Project object */;
			proxyType = 1;
			remoteGlobalIDString = BFC3CA0B1A9EB17E00F27AEB;
			remoteInfo = MyLunch;
		};
/* End PBXContainerItemProxy section */

/* Begin PBXFileReference section */
		BFC3CA0C1A9EB17E00F27AEB /* MyLunch.app */ = {isa = PBXFileReference; explicitFileType = wrapper.application; includeInIndex = 0; path = MyLunch.app; sourceTree = BUILT_PRODUCTS_DIR; };
		BFC3CA101A9EB17E00F27AEB /* Info.plist */ = {isa = PBXFileReference; lastKnownFileType = text.plist.xml; path = Info.plist; sourceTree = "<group>"; };
		BFC3CA111A9EB17E00F27AEB /* main.m */ = {isa = PBXFileReference; lastKnownFileType = sourcecode.c.objc; path = main.m; sourceTree = "<group>"; };
		BFC3CA131A9EB17E00F27AEB /* AppDelegate.h */ = {isa = PBXFileReference; lastKnownFileType = sourcecode.c.h; path = AppDelegate.h; sourceTree = "<group>"; };
		BFC3CA141A9EB17E00F27AEB /* AppDelegate.m */ = {isa = PBXFileReference; lastKnownFileType = sourcecode.c.objc; path = AppDelegate.m; sourceTree = "<group>"; };
		BFC3CA161A9EB17E00F27AEB /* MYLMyLunchTextInputViewController.h */ = {isa = PBXFileReference; lastKnownFileType = sourcecode.c.h; path = MYLMyLunchTextInputViewController.h; sourceTree = "<group>"; };
		BFC3CA171A9EB17E00F27AEB /* MYLMyLunchTextInputViewController.m */ = {isa = PBXFileReference; lastKnownFileType = sourcecode.c.objc; path = MYLMyLunchTextInputViewController.m; sourceTree = "<group>"; };
		BFC3CA1C1A9EB17E00F27AEB /* Images.xcassets */ = {isa = PBXFileReference; lastKnownFileType = folder.assetcatalog; path = Images.xcassets; sourceTree = "<group>"; };
		BFC3CA251A9EB17F00F27AEB /* MyLunchTests.xctest */ = {isa = PBXFileReference; explicitFileType = wrapper.cfbundle; includeInIndex = 0; path = MyLunchTests.xctest; sourceTree = BUILT_PRODUCTS_DIR; };
		BFC3CA2A1A9EB17F00F27AEB /* Info.plist */ = {isa = PBXFileReference; lastKnownFileType = text.plist.xml; path = Info.plist; sourceTree = "<group>"; };
		BFC3CA2B1A9EB17F00F27AEB /* MyLunchTests.m */ = {isa = PBXFileReference; lastKnownFileType = sourcecode.c.objc; path = MyLunchTests.m; sourceTree = "<group>"; };
/* End PBXFileReference section */

/* Begin PBXFrameworksBuildPhase section */
		BFC3CA091A9EB17E00F27AEB /* Frameworks */ = {
			isa = PBXFrameworksBuildPhase;
			buildActionMask = 2147483647;
			files = (
			);
			runOnlyForDeploymentPostprocessing = 0;
		};
		BFC3CA221A9EB17F00F27AEB /* Frameworks */ = {
			isa = PBXFrameworksBuildPhase;
			buildActionMask = 2147483647;
			files = (
			);
			runOnlyForDeploymentPostprocessing = 0;
		};
/* End PBXFrameworksBuildPhase section */

/* Begin PBXGroup section */
		BFC3CA031A9EB17E00F27AEB = {
			isa = PBXGroup;
			children = (
				BFC3CA0E1A9EB17E00F27AEB /* MyLunch */,
				BFC3CA281A9EB17F00F27AEB /* MyLunchTests */,
				BFC3CA0D1A9EB17E00F27AEB /* Products */,
			);
			sourceTree = "<group>";
		};
		BFC3CA0D1A9EB17E00F27AEB /* Products */ = {
			isa = PBXGroup;
			children = (
				BFC3CA0C1A9EB17E00F27AEB /* MyLunch.app */,
				BFC3CA251A9EB17F00F27AEB /* MyLunchTests.xctest */,
			);
			name = Products;
			sourceTree = "<group>";
		};
		BFC3CA0E1A9EB17E00F27AEB /* MyLunch */ = {
			isa = PBXGroup;
			children = (
				BFC3CA131A9EB17E00F27AEB /* AppDelegate.h */,
				BFC3CA141A9EB17E00F27AEB /* AppDelegate.m */,
				BFC3CA161A9EB17E00F27AEB /* MYLMyLunchTextInputViewController.h */,
				BFC3CA171A9EB17E00F27AEB /* MYLMyLunchTextInputViewController.m */,
				BFC3CA1C1A9EB17E00F27AEB /* Images.xcassets */,
				BFC3CA0F1A9EB17E00F27AEB /* Supporting Files */,
			);
			path = MyLunch;
			sourceTree = "<group>";
		};
		BFC3CA0F1A9EB17E00F27AEB /* Supporting Files */ = {
			isa = PBXGroup;
			children = (
				BFC3CA101A9EB17E00F27AEB /* Info.plist */,
				BFC3CA111A9EB17E00F27AEB /* main.m */,
			);
			name = "Supporting Files";
			sourceTree = "<group>";
		};
		BFC3CA281A9EB17F00F27AEB /* MyLunchTests */ = {
			isa = PBXGroup;
			children = (
				BFC3CA2B1A9EB17F00F27AEB /* MyLunchTests.m */,
				BFC3CA291A9EB17F00F27AEB /* Supporting Files */,
			);
			path = MyLunchTests;
			sourceTree = "<group>";
		};
		BFC3CA291A9EB17F00F27AEB /* Supporting Files */ = {
			isa = PBXGroup;
			children = (
				BFC3CA2A1A9EB17F00F27AEB /* Info.plist */,
			);
			name = "Supporting Files";
			sourceTree = "<group>";
		};
/* End PBXGroup section */

/* Begin PBXNativeTarget section */
		BFC3CA0B1A9EB17E00F27AEB /* MyLunch */ = {
			isa = PBXNativeTarget;
			buildConfigurationList = BFC3CA2F1A9EB17F00F27AEB /* Build configuration list for PBXNativeTarget "MyLunch" */;
			buildPhases = (
				BFC3CA081A9EB17E00F27AEB /* Sources */,
				BFC3CA091A9EB17E00F27AEB /* Frameworks */,
				BFC3CA0A1A9EB17E00F27AEB /* Resources */,
			);
			buildRules = (
			);
			dependencies = (
			);
			name = MyLunch;
			productName = MyLunch;
			productReference = BFC3CA0C1A9EB17E00F27AEB /* MyLunch.app */;
			productType = "com.apple.product-type.application";
		};
		BFC3CA241A9EB17F00F27AEB /* MyLunchTests */ = {
			isa = PBXNativeTarget;
			buildConfigurationList = BFC3CA321A9EB17F00F27AEB /* Build configuration list for PBXNativeTarget "MyLunchTests" */;
			buildPhases = (
				BFC3CA211A9EB17F00F27AEB /* Sources */,
				BFC3CA221A9EB17F00F27AEB /* Frameworks */,
				BFC3CA231A9EB17F00F27AEB /* Resources */,
			);
			buildRules = (
			);
			dependencies = (
				BFC3CA271A9EB17F00F27AEB /* PBXTargetDependency */,
			);
			name = MyLunchTests;
			productName = MyLunchTests;
			productReference = BFC3CA251A9EB17F00F27AEB /* MyLunchTests.xctest */;
			productType = "com.apple.product-type.bundle.unit-test";
		};
/* End PBXNativeTarget section */

/* Begin PBXProject section */
		BFC3CA041A9EB17E00F27AEB /* Project object */ = {
			isa = PBXProject;
			attributes = {
				CLASSPREFIX = MYL;
				LastUpgradeCheck = 0610;
				ORGANIZATIONNAME = RadReichley;
				TargetAttributes = {
					BFC3CA0B1A9EB17E00F27AEB = {
						CreatedOnToolsVersion = 6.1.1;
					};
					BFC3CA241A9EB17F00F27AEB = {
						CreatedOnToolsVersion = 6.1.1;
						TestTargetID = BFC3CA0B1A9EB17E00F27AEB;
					};
				};
			};
			buildConfigurationList = BFC3CA071A9EB17E00F27AEB /* Build configuration list for PBXProject "MyLunch" */;
			compatibilityVersion = "Xcode 3.2";
			developmentRegion = English;
			hasScannedForEncodings = 0;
			knownRegions = (
				en,
				Base,
			);
			mainGroup = BFC3CA031A9EB17E00F27AEB;
			productRefGroup = BFC3CA0D1A9EB17E00F27AEB /* Products */;
			projectDirPath = "";
			projectRoot = "";
			targets = (
				BFC3CA0B1A9EB17E00F27AEB /* MyLunch */,
				BFC3CA241A9EB17F00F27AEB /* MyLunchTests */,
			);
		};
/* End PBXProject section */

/* Begin PBXResourcesBuildPhase section */
		BFC3CA0A1A9EB17E00F27AEB /* Resources */ = {
			isa = PBXResourcesBuildPhase;
			buildActionMask = 2147483647;
			files = (
				BFC3CA1D1A9EB17E00F27AEB /* Images.xcassets in Resources */,
			);
			runOnlyForDeploymentPostprocessing = 0;
		};
		BFC3CA231A9EB17F00F27AEB /* Resources */ = {
			isa = PBXResourcesBuildPhase;
			buildActionMask = 2147483647;
			files = (
			);
			runOnlyForDeploymentPostprocessing = 0;
		};
/* End PBXResourcesBuildPhase section */

/* Begin PBXSourcesBuildPhase section */
		BFC3CA081A9EB17E00F27AEB /* Sources */ = {
			isa = PBXSourcesBuildPhase;
			buildActionMask = 2147483647;
			files = (
				BFC3CA181A9EB17E00F27AEB /* MYLMyLunchTextInputViewController.m in Sources */,
				BFC3CA151A9EB17E00F27AEB /* AppDelegate.m in Sources */,
				BFC3CA121A9EB17E00F27AEB /* main.m in Sources */,
			);
			runOnlyForDeploymentPostprocessing = 0;
		};
		BFC3CA211A9EB17F00F27AEB /* Sources */ = {
			isa = PBXSourcesBuildPhase;
			buildActionMask = 2147483647;
			files = (
				BFC3CA2C1A9EB17F00F27AEB /* MyLunchTests.m in Sources */,
			);
			runOnlyForDeploymentPostprocessing = 0;
		};
/* End PBXSourcesBuildPhase section */

/* Begin PBXTargetDependency section */
		BFC3CA271A9EB17F00F27AEB /* PBXTargetDependency */ = {
			isa = PBXTargetDependency;
			target = BFC3CA0B1A9EB17E00F27AEB /* MyLunch */;
			targetProxy = BFC3CA261A9EB17F00F27AEB /* PBXContainerItemProxy */;
		};
/* End PBXTargetDependency section */

/* Begin XCBuildConfiguration section */
		BFC3CA2D1A9EB17F00F27AEB /* Debug */ = {
			isa = XCBuildConfiguration;
			buildSettings = {
				ALWAYS_SEARCH_USER_PATHS = NO;
				CLANG_CXX_LANGUAGE_STANDARD = "gnu++0x";
				CLANG_CXX_LIBRARY = "libc++";
				CLANG_ENABLE_MODULES = YES;
				CLANG_ENABLE_OBJC_ARC = YES;
				CLANG_WARN_BOOL_CONVERSION = YES;
				CLANG_WARN_CONSTANT_CONVERSION = YES;
				CLANG_WARN_DIRECT_OBJC_ISA_USAGE = YES_ERROR;
				CLANG_WARN_EMPTY_BODY = YES;
				CLANG_WARN_ENUM_CONVERSION = YES;
				CLANG_WARN_INT_CONVERSION = YES;
				CLANG_WARN_OBJC_ROOT_CLASS = YES_ERROR;
				CLANG_WARN_UNREACHABLE_CODE = YES;
				CLANG_WARN__DUPLICATE_METHOD_MATCH = YES;
				"CODE_SIGN_IDENTITY[sdk=iphoneos*]" = "iPhone Developer";
				COPY_PHASE_STRIP = NO;
				ENABLE_STRICT_OBJC_MSGSEND = YES;
				GCC_C_LANGUAGE_STANDARD = gnu99;
				GCC_DYNAMIC_NO_PIC = NO;
				GCC_OPTIMIZATION_LEVEL = 0;
				GCC_PREPROCESSOR_DEFINITIONS = (
					"DEBUG=1",
					"$(inherited)",
				);
				GCC_SYMBOLS_PRIVATE_EXTERN = NO;
				GCC_WARN_64_TO_32_BIT_CONVERSION = YES;
				GCC_WARN_ABOUT_RETURN_TYPE = YES_ERROR;
				GCC_WARN_UNDECLARED_SELECTOR = YES;
				GCC_WARN_UNINITIALIZED_AUTOS = YES_AGGRESSIVE;
				GCC_WARN_UNUSED_FUNCTION = YES;
				GCC_WARN_UNUSED_VARIABLE = YES;
				IPHONEOS_DEPLOYMENT_TARGET = 8.1;
				MTL_ENABLE_DEBUG_INFO = YES;
				ONLY_ACTIVE_ARCH = YES;
				SDKROOT = iphoneos;
				TARGETED_DEVICE_FAMILY = "1,2";
			};
			name = Debug;
		};
		BFC3CA2E1A9EB17F00F27AEB /* Release */ = {
			isa = XCBuildConfiguration;
			buildSettings = {
				ALWAYS_SEARCH_USER_PATHS = NO;
				CLANG_CXX_LANGUAGE_STANDARD = "gnu++0x";
				CLANG_CXX_LIBRARY = "libc++";
				CLANG_ENABLE_MODULES = YES;
				CLANG_ENABLE_OBJC_ARC = YES;
				CLANG_WARN_BOOL_CONVERSION = YES;
				CLANG_WARN_CONSTANT_CONVERSION = YES;
				CLANG_WARN_DIRECT_OBJC_ISA_USAGE = YES_ERROR;
				CLANG_WARN_EMPTY_BODY = YES;
				CLANG_WARN_ENUM_CONVERSION = YES;
				CLANG_WARN_INT_CONVERSION = YES;
				CLANG_WARN_OBJC_ROOT_CLASS = YES_ERROR;
				CLANG_WARN_UNREACHABLE_CODE = YES;
				CLANG_WARN__DUPLICATE_METHOD_MATCH = YES;
				"CODE_SIGN_IDENTITY[sdk=iphoneos*]" = "iPhone Developer";
				COPY_PHASE_STRIP = YES;
				ENABLE_NS_ASSERTIONS = NO;
				ENABLE_STRICT_OBJC_MSGSEND = YES;
				GCC_C_LANGUAGE_STANDARD = gnu99;
				GCC_WARN_64_TO_32_BIT_CONVERSION = YES;
				GCC_WARN_ABOUT_RETURN_TYPE = YES_ERROR;
				GCC_WARN_UNDECLARED_SELECTOR = YES;
				GCC_WARN_UNINITIALIZED_AUTOS = YES_AGGRESSIVE;
				GCC_WARN_UNUSED_FUNCTION = YES;
				GCC_WARN_UNUSED_VARIABLE = YES;
				IPHONEOS_DEPLOYMENT_TARGET = 8.1;
				MTL_ENABLE_DEBUG_INFO = NO;
				SDKROOT = iphoneos;
				TARGETED_DEVICE_FAMILY = "1,2";
				VALIDATE_PRODUCT = YES;
			};
			name = Release;
		};
		BFC3CA301A9EB17F00F27AEB /* Debug */ = {
			isa = XCBuildConfiguration;
			buildSettings = {
				ASSETCATALOG_COMPILER_APPICON_NAME = AppIcon;
				INFOPLIST_FILE = MyLunch/Info.plist;
				LD_RUNPATH_SEARCH_PATHS = "$(inherited) @executable_path/Frameworks";
				PRODUCT_NAME = "$(TARGET_NAME)";
			};
			name = Debug;
		};
		BFC3CA311A9EB17F00F27AEB /* Release */ = {
			isa = XCBuildConfiguration;
			buildSettings = {
				ASSETCATALOG_COMPILER_APPICON_NAME = AppIcon;
				INFOPLIST_FILE = MyLunch/Info.plist;
				LD_RUNPATH_SEARCH_PATHS = "$(inherited) @executable_path/Frameworks";
				PRODUCT_NAME = "$(TARGET_NAME)";
			};
			name = Release;
		};
		BFC3CA331A9EB17F00F27AEB /* Debug */ = {
			isa = XCBuildConfiguration;
			buildSettings = {
				BUNDLE_LOADER = "$(TEST_HOST)";
				FRAMEWORK_SEARCH_PATHS = (
					"$(SDKROOT)/Developer/Library/Frameworks",
					"$(inherited)",
				);
				GCC_PREPROCESSOR_DEFINITIONS = (
					"DEBUG=1",
					"$(inherited)",
				);
				INFOPLIST_FILE = MyLunchTests/Info.plist;
				LD_RUNPATH_SEARCH_PATHS = "$(inherited) @executable_path/Frameworks @loader_path/Frameworks";
				PRODUCT_NAME = "$(TARGET_NAME)";
				TEST_HOST = "$(BUILT_PRODUCTS_DIR)/MyLunch.app/MyLunch";
			};
			name = Debug;
		};
		BFC3CA341A9EB17F00F27AEB /* Release */ = {
			isa = XCBuildConfiguration;
			buildSettings = {
				BUNDLE_LOADER = "$(TEST_HOST)";
				FRAMEWORK_SEARCH_PATHS = (
					"$(SDKROOT)/Developer/Library/Frameworks",
					"$(inherited)",
				);
				INFOPLIST_FILE = MyLunchTests/Info.plist;
				LD_RUNPATH_SEARCH_PATHS = "$(inherited) @executable_path/Frameworks @loader_path/Frameworks";
				PRODUCT_NAME = "$(TARGET_NAME)";
				TEST_HOST = "$(BUILT_PRODUCTS_DIR)/MyLunch.app/MyLunch";
			};
			name = Release;
		};
/* End XCBuildConfiguration section */

/* Begin XCConfigurationList section */
		BFC3CA071A9EB17E00F27AEB /* Build configuration list for PBXProject "MyLunch" */ = {
			isa = XCConfigurationList;
			buildConfigurations = (
				BFC3CA2D1A9EB17F00F27AEB /* Debug */,
				BFC3CA2E1A9EB17F00F27AEB /* Release */,
			);
			defaultConfigurationIsVisible = 0;
			defaultConfigurationName = Release;
		};
		BFC3CA2F1A9EB17F00F27AEB /* Build configuration list for PBXNativeTarget "MyLunch" */ = {
			isa = XCConfigurationList;
			buildConfigurations = (
				BFC3CA301A9EB17F00F27AEB /* Debug */,
				BFC3CA311A9EB17F00F27AEB /* Release */,
			);
			defaultConfigurationIsVisible = 0;
			defaultConfigurationName = Release;
		};
		BFC3CA321A9EB17F00F27AEB /* Build configuration list for PBXNativeTarget "MyLunchTests" */ = {
			isa = XCConfigurationList;
			buildConfigurations = (
				BFC3CA331A9EB17F00F27AEB /* Debug */,
				BFC3CA341A9EB17F00F27AEB /* Release */,
			);
			defaultConfigurationIsVisible = 0;
			defaultConfigurationName = Release;
		};
/* End XCConfigurationList section */
	};
	rootObject = BFC3CA041A9EB17E00F27AEB /* Project object */;
}
